
Microsoft Visual Studio Solution File, Format Version 12.00
# Visual Studio Version 16
VisualStudioVersion = 16.0.29613.14
MinimumVisualStudioVersion = 10.0.40219.1
Project("{9A19103F-16F7-4668-BE54-9A1E7A4F7556}") = "CollectionOptimizationCop", "CollectionOptimizationCop\CollectionOptimizationCop.csproj", "{DFB0ED75-BFCC-4A53-85D5-9E6C74CE7A48}"
EndProject
Project("{9A19103F-16F7-4668-BE54-9A1E7A4F7556}") = "CollectionOptimizationCop.Test", "CollectionOptimizationCop.Test\CollectionOptimizationCop.Test.csproj", "{ACF88E72-8772-4C2C-A558-BFF10E1F1562}"
EndProject
Project("{9A19103F-16F7-4668-BE54-9A1E7A4F7556}") = "CollectionOptimizationCop.Performance", "CollectionOptimizationCop.Performance\CollectionOptimizationCop.Performance.csproj", "{D24A4DDA-3E0F-4E98-92A9-13056F79E7A4}"
EndProject
Project("{2150E333-8FDC-42A3-9474-1A3956D46DE8}") = "Test", "Test", "{604CE5F9-2FFF-49AD-B632-B8E3E8410E03}"
EndProject
Global
	GlobalSection(SolutionConfigurationPlatforms) = preSolution
		Debug|Any CPU = Debug|Any CPU
		Release|Any CPU = Release|Any CPU
	EndGlobalSection
	GlobalSection(ProjectConfigurationPlatforms) = postSolution
		{DFB0ED75-BFCC-4A53-85D5-9E6C74CE7A48}.Debug|Any CPU.ActiveCfg = Debug|Any CPU
		{DFB0ED75-BFCC-4A53-85D5-9E6C74CE7A48}.Debug|Any CPU.Build.0 = Debug|Any CPU
		{DFB0ED75-BFCC-4A53-85D5-9E6C74CE7A48}.Release|Any CPU.ActiveCfg = Release|Any CPU
		{DFB0ED75-BFCC-4A53-85D5-9E6C74CE7A48}.Release|Any CPU.Build.0 = Release|Any CPU
		{ACF88E72-8772-4C2C-A558-BFF10E1F1562}.Debug|Any CPU.ActiveCfg = Debug|Any CPU
		{ACF88E72-8772-4C2C-A558-BFF10E1F1562}.Debug|Any CPU.Build.0 = Debug|Any CPU
		{ACF88E72-8772-4C2C-A558-BFF10E1F1562}.Release|Any CPU.ActiveCfg = Release|Any CPU
		{ACF88E72-8772-4C2C-A558-BFF10E1F1562}.Release|Any CPU.Build.0 = Release|Any CPU
		{D24A4DDA-3E0F-4E98-92A9-13056F79E7A4}.Debug|Any CPU.ActiveCfg = Debug|Any CPU
		{D24A4DDA-3E0F-4E98-92A9-13056F79E7A4}.Debug|Any CPU.Build.0 = Debug|Any CPU
		{D24A4DDA-3E0F-4E98-92A9-13056F79E7A4}.Release|Any CPU.ActiveCfg = Release|Any CPU
		{D24A4DDA-3E0F-4E98-92A9-13056F79E7A4}.Release|Any CPU.Build.0 = Release|Any CPU
	EndGlobalSection
	GlobalSection(SolutionProperties) = preSolution
		HideSolutionNode = FALSE
	EndGlobalSection
	GlobalSection(NestedProjects) = preSolution
		{ACF88E72-8772-4C2C-A558-BFF10E1F1562} = {604CE5F9-2FFF-49AD-B632-B8E3E8410E03}
		{D24A4DDA-3E0F-4E98-92A9-13056F79E7A4} = {604CE5F9-2FFF-49AD-B632-B8E3E8410E03}
	EndGlobalSection
	GlobalSection(ExtensibilityGlobals) = postSolution
		SolutionGuid = {CB9A21EA-763C-4F02-9BFD-CEDADFE1D61E}
	EndGlobalSection
EndGlobal
