
Microsoft Visual Studio Solution File, Format Version 12.00
# Visual Studio Version 16
VisualStudioVersion = 16.0.29613.14
MinimumVisualStudioVersion = 10.0.40219.1
Project("{9A19103F-16F7-4668-BE54-9A1E7A4F7556}") = "Robotmaster.CollectionRecommendation", "Robotmaster.CollectionRecommendation\Robotmaster.CollectionRecommendation\Robotmaster.CollectionRecommendation.csproj", "{7E1E4B6F-FC95-42D8-AEB6-5BB87FB867CD}"
EndProject
Project("{9A19103F-16F7-4668-BE54-9A1E7A4F7556}") = "Robotmaster.CollectionRecommendation.Test", "Robotmaster.CollectionRecommendation\Robotmaster.CollectionRecommendation.Test\Robotmaster.CollectionRecommendation.Test.csproj", "{D90B75FD-59C1-411B-9E7F-28C3E4CF6057}"
EndProject
Project("{FAE04EC0-301F-11D3-BF4B-00C04F79EFBC}") = "Robotmaster.CollectionRecommendation.Vsix", "Robotmaster.CollectionRecommendation\Robotmaster.CollectionRecommendation.Vsix\Robotmaster.CollectionRecommendation.Vsix.csproj", "{FFAE75A4-1A29-408F-8C9D-5799772147A2}"
EndProject
Project("{FAE04EC0-301F-11D3-BF4B-00C04F79EFBC}") = "Robotmaster.CollectionRecommendation.Performance", "Robotmaster.CollectionRecommendation\Robotmaster.CollectionRecommendation.Performance\Robotmaster.CollectionRecommendation.Performance.csproj", "{6E872FC4-651E-4A8F-9DB7-EDAFF0CF52B6}"
EndProject
Global
	GlobalSection(SolutionConfigurationPlatforms) = preSolution
		Debug|Any CPU = Debug|Any CPU
		Release|Any CPU = Release|Any CPU
	EndGlobalSection
	GlobalSection(ProjectConfigurationPlatforms) = postSolution
		{7E1E4B6F-FC95-42D8-AEB6-5BB87FB867CD}.Debug|Any CPU.ActiveCfg = Debug|Any CPU
		{7E1E4B6F-FC95-42D8-AEB6-5BB87FB867CD}.Debug|Any CPU.Build.0 = Debug|Any CPU
		{7E1E4B6F-FC95-42D8-AEB6-5BB87FB867CD}.Release|Any CPU.ActiveCfg = Release|Any CPU
		{7E1E4B6F-FC95-42D8-AEB6-5BB87FB867CD}.Release|Any CPU.Build.0 = Release|Any CPU
		{D90B75FD-59C1-411B-9E7F-28C3E4CF6057}.Debug|Any CPU.ActiveCfg = Debug|Any CPU
		{D90B75FD-59C1-411B-9E7F-28C3E4CF6057}.Debug|Any CPU.Build.0 = Debug|Any CPU
		{D90B75FD-59C1-411B-9E7F-28C3E4CF6057}.Release|Any CPU.ActiveCfg = Release|Any CPU
		{D90B75FD-59C1-411B-9E7F-28C3E4CF6057}.Release|Any CPU.Build.0 = Release|Any CPU
		{FFAE75A4-1A29-408F-8C9D-5799772147A2}.Debug|Any CPU.ActiveCfg = Debug|Any CPU
		{FFAE75A4-1A29-408F-8C9D-5799772147A2}.Debug|Any CPU.Build.0 = Debug|Any CPU
		{FFAE75A4-1A29-408F-8C9D-5799772147A2}.Release|Any CPU.ActiveCfg = Release|Any CPU
		{FFAE75A4-1A29-408F-8C9D-5799772147A2}.Release|Any CPU.Build.0 = Release|Any CPU
		{6E872FC4-651E-4A8F-9DB7-EDAFF0CF52B6}.Debug|Any CPU.ActiveCfg = Debug|Any CPU
		{6E872FC4-651E-4A8F-9DB7-EDAFF0CF52B6}.Debug|Any CPU.Build.0 = Debug|Any CPU
		{6E872FC4-651E-4A8F-9DB7-EDAFF0CF52B6}.Release|Any CPU.ActiveCfg = Release|Any CPU
		{6E872FC4-651E-4A8F-9DB7-EDAFF0CF52B6}.Release|Any CPU.Build.0 = Release|Any CPU
	EndGlobalSection
	GlobalSection(SolutionProperties) = preSolution
		HideSolutionNode = FALSE
	EndGlobalSection
	GlobalSection(ExtensibilityGlobals) = postSolution
		SolutionGuid = {CB9A21EA-763C-4F02-9BFD-CEDADFE1D61E}
	EndGlobalSection
EndGlobal
